
Microsoft Visual Studio Solution File, Format Version 12.00
# Visual Studio Version 17
VisualStudioVersion = 17.8.34601.278
MinimumVisualStudioVersion = 10.0.40219.1
Project("{9A19103F-16F7-4668-BE54-9A1E7A4F7556}") = "TailwindMerge", "src\TailwindMerge.csproj", "{3D354049-940B-4DD0-9337-46FA83023346}"
EndProject
Project("{FAE04EC0-301F-11D3-BF4B-00C04F79EFBC}") = "TailwindMerge.Tests", "tests\TailwindMerge.Tests.csproj", "{C52C19C3-676C-4C41-B380-446C813DFA56}"
EndProject
Global
	GlobalSection(SolutionConfigurationPlatforms) = preSolution
		Debug|Any CPU = Debug|Any CPU
		Release|Any CPU = Release|Any CPU
	EndGlobalSection
	GlobalSection(ProjectConfigurationPlatforms) = postSolution
		{3D354049-940B-4DD0-9337-46FA83023346}.Debug|Any CPU.ActiveCfg = Debug|Any CPU
		{3D354049-940B-4DD0-9337-46FA83023346}.Debug|Any CPU.Build.0 = Debug|Any CPU
		{3D354049-940B-4DD0-9337-46FA83023346}.Release|Any CPU.ActiveCfg = Release|Any CPU
		{3D354049-940B-4DD0-9337-46FA83023346}.Release|Any CPU.Build.0 = Release|Any CPU
		{C52C19C3-676C-4C41-B380-446C813DFA56}.Debug|Any CPU.ActiveCfg = Debug|Any CPU
		{C52C19C3-676C-4C41-B380-446C813DFA56}.Debug|Any CPU.Build.0 = Debug|Any CPU
		{C52C19C3-676C-4C41-B380-446C813DFA56}.Release|Any CPU.ActiveCfg = Release|Any CPU
		{C52C19C3-676C-4C41-B380-446C813DFA56}.Release|Any CPU.Build.0 = Release|Any CPU
	EndGlobalSection
	GlobalSection(SolutionProperties) = preSolution
		HideSolutionNode = FALSE
	EndGlobalSection
	GlobalSection(ExtensibilityGlobals) = postSolution
		SolutionGuid = {09DF1AFE-0947-4ECC-8C53-D2AE5F0861BC}
	EndGlobalSection
EndGlobal
